
Microsoft Visual Studio Solution File, Format Version 12.00
# Visual Studio Version 17
VisualStudioVersion = 17.4.33110.190
MinimumVisualStudioVersion = 10.0.40219.1
Project("{FAE04EC0-301F-11D3-BF4B-00C04F79EFBC}") = "ETrade.UI", "ETradeProject\ETrade.UI.csproj", "{367E272A-D2A6-45FB-BDED-8319FE71B26D}"
EndProject
Project("{FAE04EC0-301F-11D3-BF4B-00C04F79EFBC}") = "ETrade.Dal", "ETrade.Dal\ETrade.Dal.csproj", "{0ED33082-B166-4542-B985-7208ACE21F7A}"
EndProject
Project("{FAE04EC0-301F-11D3-BF4B-00C04F79EFBC}") = "ETrade.Entities", "ETrade.Entities\ETrade.Entities.csproj", "{67F1D112-2DB3-4463-A1F7-0FDEE5109A51}"
EndProject
Project("{FAE04EC0-301F-11D3-BF4B-00C04F79EFBC}") = "ETrade.Core", "ETrade.Core\ETrade.Core.csproj", "{B9680A26-2745-475C-9412-BD6F46CF027B}"
EndProject
Project("{FAE04EC0-301F-11D3-BF4B-00C04F79EFBC}") = "ETrade.Repos", "ETrade.Repos\ETrade.Repos.csproj", "{C85994E2-4163-4CE8-AE83-AC1C1B950310}"
EndProject
Project("{FAE04EC0-301F-11D3-BF4B-00C04F79EFBC}") = "ETrade.UoW", "ETrade.UoW\ETrade.UoW.csproj", "{6F39A9E5-6405-44ED-8705-54B3E863EEE9}"
EndProject
Global
	GlobalSection(SolutionConfigurationPlatforms) = preSolution
		Debug|Any CPU = Debug|Any CPU
		Release|Any CPU = Release|Any CPU
	EndGlobalSection
	GlobalSection(ProjectConfigurationPlatforms) = postSolution
		{367E272A-D2A6-45FB-BDED-8319FE71B26D}.Debug|Any CPU.ActiveCfg = Debug|Any CPU
		{367E272A-D2A6-45FB-BDED-8319FE71B26D}.Debug|Any CPU.Build.0 = Debug|Any CPU
		{367E272A-D2A6-45FB-BDED-8319FE71B26D}.Release|Any CPU.ActiveCfg = Release|Any CPU
		{367E272A-D2A6-45FB-BDED-8319FE71B26D}.Release|Any CPU.Build.0 = Release|Any CPU
		{0ED33082-B166-4542-B985-7208ACE21F7A}.Debug|Any CPU.ActiveCfg = Debug|Any CPU
		{0ED33082-B166-4542-B985-7208ACE21F7A}.Debug|Any CPU.Build.0 = Debug|Any CPU
		{0ED33082-B166-4542-B985-7208ACE21F7A}.Release|Any CPU.ActiveCfg = Release|Any CPU
		{0ED33082-B166-4542-B985-7208ACE21F7A}.Release|Any CPU.Build.0 = Release|Any CPU
		{67F1D112-2DB3-4463-A1F7-0FDEE5109A51}.Debug|Any CPU.ActiveCfg = Debug|Any CPU
		{67F1D112-2DB3-4463-A1F7-0FDEE5109A51}.Debug|Any CPU.Build.0 = Debug|Any CPU
		{67F1D112-2DB3-4463-A1F7-0FDEE5109A51}.Release|Any CPU.ActiveCfg = Release|Any CPU
		{67F1D112-2DB3-4463-A1F7-0FDEE5109A51}.Release|Any CPU.Build.0 = Release|Any CPU
		{B9680A26-2745-475C-9412-BD6F46CF027B}.Debug|Any CPU.ActiveCfg = Debug|Any CPU
		{B9680A26-2745-475C-9412-BD6F46CF027B}.Debug|Any CPU.Build.0 = Debug|Any CPU
		{B9680A26-2745-475C-9412-BD6F46CF027B}.Release|Any CPU.ActiveCfg = Release|Any CPU
		{B9680A26-2745-475C-9412-BD6F46CF027B}.Release|Any CPU.Build.0 = Release|Any CPU
		{C85994E2-4163-4CE8-AE83-AC1C1B950310}.Debug|Any CPU.ActiveCfg = Debug|Any CPU
		{C85994E2-4163-4CE8-AE83-AC1C1B950310}.Debug|Any CPU.Build.0 = Debug|Any CPU
		{C85994E2-4163-4CE8-AE83-AC1C1B950310}.Release|Any CPU.ActiveCfg = Release|Any CPU
		{C85994E2-4163-4CE8-AE83-AC1C1B950310}.Release|Any CPU.Build.0 = Release|Any CPU
		{6F39A9E5-6405-44ED-8705-54B3E863EEE9}.Debug|Any CPU.ActiveCfg = Debug|Any CPU
		{6F39A9E5-6405-44ED-8705-54B3E863EEE9}.Debug|Any CPU.Build.0 = Debug|Any CPU
		{6F39A9E5-6405-44ED-8705-54B3E863EEE9}.Release|Any CPU.ActiveCfg = Release|Any CPU
		{6F39A9E5-6405-44ED-8705-54B3E863EEE9}.Release|Any CPU.Build.0 = Release|Any CPU
	EndGlobalSection
	GlobalSection(SolutionProperties) = preSolution
		HideSolutionNode = FALSE
	EndGlobalSection
	GlobalSection(ExtensibilityGlobals) = postSolution
		SolutionGuid = {C37EAB00-7568-42D4-B3A3-280AA58C9395}
	EndGlobalSection
EndGlobal
